
Microsoft Visual Studio Solution File, Format Version 11.00
# Visual Studio 2010
Project("{FAE04EC0-301F-11D3-BF4B-00C04F79EFBC}") = "Assembly-CSharp", "Assembly-CSharp.csproj", "{c1c37558-a682-f1fc-66f5-598ab489c699}"
EndProject
Project("{FAE04EC0-301F-11D3-BF4B-00C04F79EFBC}") = "Assembly-CSharp-Editor", "Assembly-CSharp-Editor.csproj", "{bf795f42-3426-0761-d61a-d5279e3a4f40}"
EndProject
Global
	GlobalSection(SolutionConfigurationPlatforms) = preSolution
		Debug|Any CPU = Debug|Any CPU
		Release|Any CPU = Release|Any CPU
	EndGlobalSection
	GlobalSection(ProjectConfigurationPlatforms) = postSolution
		{c1c37558-a682-f1fc-66f5-598ab489c699}.Debug|Any CPU.ActiveCfg = Debug|Any CPU
		{c1c37558-a682-f1fc-66f5-598ab489c699}.Debug|Any CPU.Build.0 = Debug|Any CPU
		{c1c37558-a682-f1fc-66f5-598ab489c699}.Release|Any CPU.ActiveCfg = Release|Any CPU
		{c1c37558-a682-f1fc-66f5-598ab489c699}.Release|Any CPU.Build.0 = Release|Any CPU
		{bf795f42-3426-0761-d61a-d5279e3a4f40}.Debug|Any CPU.ActiveCfg = Debug|Any CPU
		{bf795f42-3426-0761-d61a-d5279e3a4f40}.Debug|Any CPU.Build.0 = Debug|Any CPU
		{bf795f42-3426-0761-d61a-d5279e3a4f40}.Release|Any CPU.ActiveCfg = Release|Any CPU
		{bf795f42-3426-0761-d61a-d5279e3a4f40}.Release|Any CPU.Build.0 = Release|Any CPU
	EndGlobalSection
	GlobalSection(SolutionProperties) = preSolution
		HideSolutionNode = FALSE
	EndGlobalSection
EndGlobal
